
Microsoft Visual Studio Solution File, Format Version 12.00
# Visual Studio Version 16
VisualStudioVersion = 16.0.33027.164
MinimumVisualStudioVersion = 10.0.40219.1
Project("{8BC9CEB8-8B4A-11D0-8D11-00A0C91BC942}") = "KmdfHelloWorld", "KmdfHelloWorld\KmdfHelloWorld.vcxproj", "{6696DDC6-D402-4927-B6E6-F03742DFBCF9}"
EndProject
Global
	GlobalSection(SolutionConfigurationPlatforms) = preSolution
		Debug|ARM = Debug|ARM
		Debug|ARM64 = Debug|ARM64
		Debug|x64 = Debug|x64
		Debug|x86 = Debug|x86
		Release|ARM = Release|ARM
		Release|ARM64 = Release|ARM64
		Release|x64 = Release|x64
		Release|x86 = Release|x86
	EndGlobalSection
	GlobalSection(ProjectConfigurationPlatforms) = postSolution
		{6696DDC6-D402-4927-B6E6-F03742DFBCF9}.Debug|ARM.ActiveCfg = Debug|ARM
		{6696DDC6-D402-4927-B6E6-F03742DFBCF9}.Debug|ARM.Build.0 = Debug|ARM
		{6696DDC6-D402-4927-B6E6-F03742DFBCF9}.Debug|ARM.Deploy.0 = Debug|ARM
		{6696DDC6-D402-4927-B6E6-F03742DFBCF9}.Debug|ARM64.ActiveCfg = Debug|ARM64
		{6696DDC6-D402-4927-B6E6-F03742DFBCF9}.Debug|ARM64.Build.0 = Debug|ARM64
		{6696DDC6-D402-4927-B6E6-F03742DFBCF9}.Debug|ARM64.Deploy.0 = Debug|ARM64
		{6696DDC6-D402-4927-B6E6-F03742DFBCF9}.Debug|x64.ActiveCfg = Debug|x64
		{6696DDC6-D402-4927-B6E6-F03742DFBCF9}.Debug|x64.Build.0 = Debug|x64
		{6696DDC6-D402-4927-B6E6-F03742DFBCF9}.Debug|x64.Deploy.0 = Debug|x64
		{6696DDC6-D402-4927-B6E6-F03742DFBCF9}.Debug|x86.ActiveCfg = Debug|x64
		{6696DDC6-D402-4927-B6E6-F03742DFBCF9}.Debug|x86.Build.0 = Debug|x64
		{6696DDC6-D402-4927-B6E6-F03742DFBCF9}.Debug|x86.Deploy.0 = Debug|x64
		{6696DDC6-D402-4927-B6E6-F03742DFBCF9}.Release|ARM.ActiveCfg = Release|ARM
		{6696DDC6-D402-4927-B6E6-F03742DFBCF9}.Release|ARM.Build.0 = Release|ARM
		{6696DDC6-D402-4927-B6E6-F03742DFBCF9}.Release|ARM.Deploy.0 = Release|ARM
		{6696DDC6-D402-4927-B6E6-F03742DFBCF9}.Release|ARM64.ActiveCfg = Release|ARM64
		{6696DDC6-D402-4927-B6E6-F03742DFBCF9}.Release|ARM64.Build.0 = Release|ARM64
		{6696DDC6-D402-4927-B6E6-F03742DFBCF9}.Release|ARM64.Deploy.0 = Release|ARM64
		{6696DDC6-D402-4927-B6E6-F03742DFBCF9}.Release|x64.ActiveCfg = Release|x64
		{6696DDC6-D402-4927-B6E6-F03742DFBCF9}.Release|x64.Build.0 = Release|x64
		{6696DDC6-D402-4927-B6E6-F03742DFBCF9}.Release|x64.Deploy.0 = Release|x64
		{6696DDC6-D402-4927-B6E6-F03742DFBCF9}.Release|x86.ActiveCfg = Release|Win32
		{6696DDC6-D402-4927-B6E6-F03742DFBCF9}.Release|x86.Build.0 = Release|Win32
		{6696DDC6-D402-4927-B6E6-F03742DFBCF9}.Release|x86.Deploy.0 = Release|Win32
	EndGlobalSection
	GlobalSection(SolutionProperties) = preSolution
		HideSolutionNode = FALSE
	EndGlobalSection
	GlobalSection(ExtensibilityGlobals) = postSolution
		SolutionGuid = {55EA05DD-1CA1-4B15-9616-12C51A43D3C7}
	EndGlobalSection
EndGlobal
